version = 1
revision = 3
requires-python = ">=3.12"

[[package]]
name = "architecture-example"
version = "0.1.0"
source = { editable = "." }
dependencies = [
    { name = "docplex" },
]

[package.metadata]
requires-dist = [{ name = "docplex", specifier = ">=2.32.264" }]

[[package]]
name = "docplex"
version = "2.32.264"
source = { registry = "https://pypi.org/simple" }
dependencies = [
    { name = "six" },
]
sdist = { url = "https://files.pythonhosted.org/packages/b4/02/7aec9042e1727b9f8fd745fa799bc8b4fd76e4db57f05a81eb676ead401b/docplex-2.32.264.tar.gz", hash = "sha256:4e2b29b3559e702bcfe12c6747428c752b0c39a508a81addf05edaab36b76bd8", size = 663972, upload-time = "2026-04-01T08:04:10.512Z" }

[[package]]
name = "six"
version = "1.17.0"
source = { registry = "https://pypi.org/simple" }
sdist = { url = "https://files.pythonhosted.org/packages/94/e7/b2c673351809dca68a0e064b6af791aa332cf192da575fd474ed7d6f16a2/six-1.17.0.tar.gz", hash = "sha256:ff70335d468e7eb6ec65b95b99d3a2836546063f63acc5171de367e834932a81", size = 34031, upload-time = "2024-12-04T17:35:28.174Z" }
wheels = [
    { url = "https://files.pythonhosted.org/packages/b7/ce/149a00dd41f10bc29e5921b496af8b574d8413afcd5e30dfa0ed46c2cc5e/six-1.17.0-py2.py3-none-any.whl", hash = "sha256:4721f391ed90541fddacab5acf947aa0d3dc7d27b2e1e8eda2be8970586c3274", size = 11050, upload-time = "2024-12-04T17:35:26.475Z" },
]
